<?xml version="1.0" encoding="utf-8"?>
<Project ToolsVersion="4.0" xmlns="http://schemas.microsoft.com/developer/msbuild/2003">
  <ItemGroup>
    <Filter Include="Source">
      <UniqueIdentifier>{0c97721e-ad5c-4fa5-bd2c-2417590261a9}</UniqueIdentifier>
    </Filter>
    <Filter Include="Source\Resources">
      <UniqueIdentifier>{4c4802ed-7759-4390-8c77-0aae8a48a5b4}</UniqueIdentifier>
    </Filter>
    <Filter Include="Source\Scene">
      <UniqueIdentifier>{4014f489-2188-46cc-ab8e-077b408e5933}</UniqueIdentifier>
    </Filter>
    <Filter Include="Source\Systems">
      <UniqueIdentifier>{9d8c90b6-49a9-4792-b2ae-73fd5c536d00}</UniqueIdentifier>
    </Filter>
    <Filter Include="Source\Utils">
      <UniqueIdentifier>{129d7657-efdb-4079-a811-578fbe64f2b0}</UniqueIdentifier>
    </Filter>
  </ItemGroup>
  <ItemGroup>
    <ClInclude Include="Engine.h">
      <Filter>Source</Filter>
    </ClInclude>
    <ClInclude Include="ResourceManager.h">
      <Filter>Source\Resources</Filter>
    </ClInclude>
    <ClInclude Include="ShaderProgram.h">
      <Filter>Source\Resources</Filter>
    </ClInclude>
    <ClInclude Include="Resource.h">
      <Filter>Source\Resources</Filter>
    </ClInclude>
    <ClInclude Include="Graphics.h">
      <Filter>Source\Systems</Filter>
    </ClInclude>
    <ClInclude Include="Logger.h">
      <Filter>Source\Utils</Filter>
    </ClInclude>
    <ClInclude Include="EngineTypes.h">
      <Filter>Source\Utils</Filter>
    </ClInclude>
    <ClInclude Include="Singleton.h">
      <Filter>Source\Utils</Filter>
    </ClInclude>
    <ClInclude Include="System.h">
      <Filter>Source\Systems</Filter>
    </ClInclude>
    <ClInclude Include="SystemManager.h">
      <Filter>Source\Systems</Filter>
    </ClInclude>
    <ClInclude Include="Window.h">
      <Filter>Source\Systems</Filter>
    </ClInclude>
    <ClInclude Include="GameObject.h">
      <Filter>Source\Scene</Filter>
    </ClInclude>
    <ClInclude Include="Component.h">
      <Filter>Source\Scene</Filter>
    </ClInclude>
    <ClInclude Include="MeshData.h">
      <Filter>Source\Resources</Filter>
    </ClInclude>
    <ClInclude Include="MeshComponent.h">
      <Filter>Source\Scene</Filter>
    </ClInclude>
    <ClInclude Include="Clock.h">
      <Filter>Source\Utils</Filter>
    </ClInclude>
    <ClInclude Include="InputSystem.h">
      <Filter>Source\Systems</Filter>
    </ClInclude>
    <ClInclude Include="stbimage\Texture.h">
      <Filter>Source\Resources</Filter>
    </ClInclude>
  </ItemGroup>
  <ItemGroup>
    <ClCompile Include="Engine.cpp">
      <Filter>Source</Filter>
    </ClCompile>
    <ClCompile Include="ResourceManager.cpp">
      <Filter>Source\Resources</Filter>
    </ClCompile>
    <ClCompile Include="ShaderProgram.cpp">
      <Filter>Source\Resources</Filter>
    </ClCompile>
    <ClCompile Include="Graphics.cpp">
      <Filter>Source\Systems</Filter>
    </ClCompile>
    <ClCompile Include="Logger.cpp">
      <Filter>Source\Utils</Filter>
    </ClCompile>
    <ClCompile Include="Singleton.cpp">
      <Filter>Source\Utils</Filter>
    </ClCompile>
    <ClCompile Include="SystemManager.cpp">
      <Filter>Source\Systems</Filter>
    </ClCompile>
    <ClCompile Include="Window.cpp">
      <Filter>Source\Systems</Filter>
    </ClCompile>
    <ClCompile Include="GameObject.cpp">
      <Filter>Source\Scene</Filter>
    </ClCompile>
    <ClCompile Include="Meshdata.cpp">
      <Filter>Source\Resources</Filter>
    </ClCompile>
    <ClCompile Include="MeshComponent.cpp">
      <Filter>Source\Scene</Filter>
    </ClCompile>
    <ClCompile Include="Clock.cpp">
      <Filter>Source\Utils</Filter>
    </ClCompile>
    <ClCompile Include="inputSystems.cpp">
      <Filter>Source\Systems</Filter>
    </ClCompile>
    <ClCompile Include="stbimage\stb_image.cpp" />
    <ClCompile Include="stbimage\Texture.cpp">
      <Filter>Source\Resources</Filter>
    </ClCompile>
  </ItemGroup>
</Project>